
Microsoft Visual Studio Solution File, Format Version 12.00
# Visual Studio Version 17
VisualStudioVersion = 17.5.33516.290
MinimumVisualStudioVersion = 10.0.40219.1
Project("{FAE04EC0-301F-11D3-BF4B-00C04F79EFBC}") = "JaggedArray", "JaggedArray\JaggedArray.csproj", "{ABB179B0-05C6-45E4-A319-A2B57D9A34A9}"
EndProject
Global
	GlobalSection(SolutionConfigurationPlatforms) = preSolution
		Debug|Any CPU = Debug|Any CPU
		Release|Any CPU = Release|Any CPU
	EndGlobalSection
	GlobalSection(ProjectConfigurationPlatforms) = postSolution
		{ABB179B0-05C6-45E4-A319-A2B57D9A34A9}.Debug|Any CPU.ActiveCfg = Debug|Any CPU
		{ABB179B0-05C6-45E4-A319-A2B57D9A34A9}.Debug|Any CPU.Build.0 = Debug|Any CPU
		{ABB179B0-05C6-45E4-A319-A2B57D9A34A9}.Release|Any CPU.ActiveCfg = Release|Any CPU
		{ABB179B0-05C6-45E4-A319-A2B57D9A34A9}.Release|Any CPU.Build.0 = Release|Any CPU
	EndGlobalSection
	GlobalSection(SolutionProperties) = preSolution
		HideSolutionNode = FALSE
	EndGlobalSection
	GlobalSection(ExtensibilityGlobals) = postSolution
		SolutionGuid = {A6C53BD5-9B78-47B2-9D16-73823BC17B41}
	EndGlobalSection
EndGlobal
