
Microsoft Visual Studio Solution File, Format Version 12.00
# Visual Studio Version 17
VisualStudioVersion = 17.5.33516.290
MinimumVisualStudioVersion = 10.0.40219.1
Project("{FAE04EC0-301F-11D3-BF4B-00C04F79EFBC}") = "Arrays", "Arrays\Arrays.csproj", "{75AEB8F7-0918-4203-A4D1-6AAE3E38EA1C}"
EndProject
Global
	GlobalSection(SolutionConfigurationPlatforms) = preSolution
		Debug|Any CPU = Debug|Any CPU
		Release|Any CPU = Release|Any CPU
	EndGlobalSection
	GlobalSection(ProjectConfigurationPlatforms) = postSolution
		{75AEB8F7-0918-4203-A4D1-6AAE3E38EA1C}.Debug|Any CPU.ActiveCfg = Debug|Any CPU
		{75AEB8F7-0918-4203-A4D1-6AAE3E38EA1C}.Debug|Any CPU.Build.0 = Debug|Any CPU
		{75AEB8F7-0918-4203-A4D1-6AAE3E38EA1C}.Release|Any CPU.ActiveCfg = Release|Any CPU
		{75AEB8F7-0918-4203-A4D1-6AAE3E38EA1C}.Release|Any CPU.Build.0 = Release|Any CPU
	EndGlobalSection
	GlobalSection(SolutionProperties) = preSolution
		HideSolutionNode = FALSE
	EndGlobalSection
	GlobalSection(ExtensibilityGlobals) = postSolution
		SolutionGuid = {39E8DCE1-B6D5-4B0A-BE93-F29445F9EF4B}
	EndGlobalSection
EndGlobal
